<?xml version="1.0" encoding="utf-8"?>
<Project ToolsVersion="12.0" xmlns="http://schemas.microsoft.com/developer/msbuild/2003">
  <ItemGroup>
    <ClCompile Include="WinMain.cpp" />
    <ClCompile Include="..\lib\TGMTcpp\src\stdafx.cpp">
      <Filter>TGMT</Filter>
    </ClCompile>
    <ClCompile Include="..\lib\TGMTcpp\src\TGMTfile.cpp">
      <Filter>TGMT</Filter>
    </ClCompile>
    <ClCompile Include="..\lib\TGMTcpp\src\TGMTutil.cpp">
      <Filter>TGMT</Filter>
    </ClCompile>
    <ClCompile Include="..\lib\TGMTcpp\src\TGMTdebugger.cpp">
      <Filter>TGMT</Filter>
    </ClCompile>
    <ClCompile Include="..\lib\TGMTcpp\src\TGMTdraw.cpp">
      <Filter>TGMT</Filter>
    </ClCompile>
    <ClCompile Include="..\lib\TGMTcpp\src\TGMTimage.cpp">
      <Filter>TGMT</Filter>
    </ClCompile>
    <ClCompile Include="..\lib\TGMTcpp\src\TGMTcolor.cpp">
      <Filter>TGMT</Filter>
    </ClCompile>
    <ClCompile Include="..\lib\TGMTcpp\src\TGMTbrightness.cpp">
      <Filter>TGMT</Filter>
    </ClCompile>
    <ClCompile Include="OCR.cpp" />
    <ClCompile Include="TGMTCar.cpp" />
    <ClCompile Include="..\lib\TGMTcpp\src\TGMTshape.cpp">
      <Filter>TGMT</Filter>
    </ClCompile>
    <ClCompile Include="..\lib\TGMTcpp\src\TGMTtransform.cpp">
      <Filter>TGMT</Filter>
    </ClCompile>
  </ItemGroup>
  <ItemGroup>
    <Filter Include="Include">
      <UniqueIdentifier>{0A29A9A4-BFC9-3E95-AF44-33436AE24C14}</UniqueIdentifier>
    </Filter>
    <Filter Include="Include\opencv2">
      <UniqueIdentifier>{BA8D1CA8-E9BA-3940-8644-91CCCA70B15E}</UniqueIdentifier>
    </Filter>
    <Filter Include="TGMT">
      <UniqueIdentifier>{80baba3e-9f82-4ac1-9b2b-731b94e83ed7}</UniqueIdentifier>
    </Filter>
  </ItemGroup>
  <ItemGroup>
    <ClInclude Include="..\lib\TGMTcpp\src\stdafx.h">
      <Filter>TGMT</Filter>
    </ClInclude>
    <ClInclude Include="..\lib\TGMTcpp\src\TGMTfile.h">
      <Filter>TGMT</Filter>
    </ClInclude>
    <ClInclude Include="..\lib\TGMTcpp\src\TGMTutil.h">
      <Filter>TGMT</Filter>
    </ClInclude>
    <ClInclude Include="..\lib\TGMTcpp\src\TGMTdebugger.h">
      <Filter>TGMT</Filter>
    </ClInclude>
    <ClInclude Include="..\lib\TGMTcpp\src\TGMTdraw.h">
      <Filter>TGMT</Filter>
    </ClInclude>
    <ClInclude Include="..\lib\TGMTcpp\src\TGMTimage.h">
      <Filter>TGMT</Filter>
    </ClInclude>
    <ClInclude Include="..\lib\TGMTcpp\src\TGMTcolor.h">
      <Filter>TGMT</Filter>
    </ClInclude>
    <ClInclude Include="..\lib\TGMTcpp\src\TGMTbrightness.h">
      <Filter>TGMT</Filter>
    </ClInclude>
    <ClInclude Include="OCR.h" />
    <ClInclude Include="TGMTCar.h" />
    <ClInclude Include="..\lib\TGMTcpp\src\TGMTshape.h">
      <Filter>TGMT</Filter>
    </ClInclude>
    <ClInclude Include="..\lib\TGMTcpp\src\TGMTtransform.h">
      <Filter>TGMT</Filter>
    </ClInclude>
  </ItemGroup>
</Project>