
Microsoft Visual Studio Solution File, Format Version 12.00
# Visual Studio 14
VisualStudioVersion = 14.0.25420.1
MinimumVisualStudioVersion = 10.0.40219.1
Project("{8BC9CEB8-8B4A-11D0-8D11-00A0C91BC942}") = "OpenCV_3_Car_Counting_Cpp", "Car_Counting\OpenCV_3_Car_Counting_Cpp.vcxproj", "{C5DF94F5-EBB5-486F-B10D-2EA370AC2679}"
EndProject
Project("{8BC9CEB8-8B4A-11D0-8D11-00A0C91BC942}") = "opencv_videoio", "lib\opencv320\modules\videoio\opencv_videoio.vcxproj", "{7E8DCDC6-DBB6-394E-B1C2-C1CBDC990655}"
EndProject
Project("{8BC9CEB8-8B4A-11D0-8D11-00A0C91BC942}") = "opencv_core", "lib\opencv320\modules\core\opencv_core.vcxproj", "{10B8265C-D814-3269-9AEF-6C50F1815909}"
EndProject
Project("{8BC9CEB8-8B4A-11D0-8D11-00A0C91BC942}") = "opencv_highgui", "lib\opencv320\modules\highgui\opencv_highgui.vcxproj", "{8E809E09-D93A-34A4-89DD-2A962DD66F4B}"
EndProject
Project("{8BC9CEB8-8B4A-11D0-8D11-00A0C91BC942}") = "opencv_imgcodecs", "lib\opencv320\modules\imgcodecs\opencv_imgcodecs.vcxproj", "{6D369816-6500-3B97-9A71-2F456B881693}"
EndProject
Project("{8BC9CEB8-8B4A-11D0-8D11-00A0C91BC942}") = "libjpeg", "lib\opencv320\3rdparty\libjpeg\libjpeg.vcxproj", "{D27AE347-08BC-4938-B473-6365CAB8E3C2}"
EndProject
Project("{8BC9CEB8-8B4A-11D0-8D11-00A0C91BC942}") = "libpng", "lib\opencv320\3rdparty\libpng\libpng.vcxproj", "{01BEE73E-6F42-4714-9CE6-D968CE1F49D6}"
EndProject
Project("{8BC9CEB8-8B4A-11D0-8D11-00A0C91BC942}") = "zlib", "lib\opencv320\3rdparty\zlib\zlib.vcxproj", "{B1C6E4EE-CFAF-452B-A6DC-70CC90415519}"
EndProject
Global
	GlobalSection(SolutionConfigurationPlatforms) = preSolution
		Debug|x64 = Debug|x64
		Debug|x86 = Debug|x86
		Release|x64 = Release|x64
		Release|x86 = Release|x86
	EndGlobalSection
	GlobalSection(ProjectConfigurationPlatforms) = postSolution
		{C5DF94F5-EBB5-486F-B10D-2EA370AC2679}.Debug|x64.ActiveCfg = Debug|x64
		{C5DF94F5-EBB5-486F-B10D-2EA370AC2679}.Debug|x64.Build.0 = Debug|x64
		{C5DF94F5-EBB5-486F-B10D-2EA370AC2679}.Debug|x86.ActiveCfg = Debug|Win32
		{C5DF94F5-EBB5-486F-B10D-2EA370AC2679}.Debug|x86.Build.0 = Debug|Win32
		{C5DF94F5-EBB5-486F-B10D-2EA370AC2679}.Release|x64.ActiveCfg = Release|x64
		{C5DF94F5-EBB5-486F-B10D-2EA370AC2679}.Release|x64.Build.0 = Release|x64
		{C5DF94F5-EBB5-486F-B10D-2EA370AC2679}.Release|x86.ActiveCfg = Release|Win32
		{C5DF94F5-EBB5-486F-B10D-2EA370AC2679}.Release|x86.Build.0 = Release|Win32
		{7E8DCDC6-DBB6-394E-B1C2-C1CBDC990655}.Debug|x64.ActiveCfg = Debug|x64
		{7E8DCDC6-DBB6-394E-B1C2-C1CBDC990655}.Debug|x64.Build.0 = Debug|x64
		{7E8DCDC6-DBB6-394E-B1C2-C1CBDC990655}.Debug|x86.ActiveCfg = Debug|Win32
		{7E8DCDC6-DBB6-394E-B1C2-C1CBDC990655}.Debug|x86.Build.0 = Debug|Win32
		{7E8DCDC6-DBB6-394E-B1C2-C1CBDC990655}.Release|x64.ActiveCfg = Release|x64
		{7E8DCDC6-DBB6-394E-B1C2-C1CBDC990655}.Release|x64.Build.0 = Release|x64
		{7E8DCDC6-DBB6-394E-B1C2-C1CBDC990655}.Release|x86.ActiveCfg = Release|Win32
		{7E8DCDC6-DBB6-394E-B1C2-C1CBDC990655}.Release|x86.Build.0 = Release|Win32
		{10B8265C-D814-3269-9AEF-6C50F1815909}.Debug|x64.ActiveCfg = Debug|x64
		{10B8265C-D814-3269-9AEF-6C50F1815909}.Debug|x64.Build.0 = Debug|x64
		{10B8265C-D814-3269-9AEF-6C50F1815909}.Debug|x86.ActiveCfg = Debug|Win32
		{10B8265C-D814-3269-9AEF-6C50F1815909}.Debug|x86.Build.0 = Debug|Win32
		{10B8265C-D814-3269-9AEF-6C50F1815909}.Release|x64.ActiveCfg = Release|x64
		{10B8265C-D814-3269-9AEF-6C50F1815909}.Release|x64.Build.0 = Release|x64
		{10B8265C-D814-3269-9AEF-6C50F1815909}.Release|x86.ActiveCfg = Release|Win32
		{10B8265C-D814-3269-9AEF-6C50F1815909}.Release|x86.Build.0 = Release|Win32
		{8E809E09-D93A-34A4-89DD-2A962DD66F4B}.Debug|x64.ActiveCfg = Debug|x64
		{8E809E09-D93A-34A4-89DD-2A962DD66F4B}.Debug|x64.Build.0 = Debug|x64
		{8E809E09-D93A-34A4-89DD-2A962DD66F4B}.Debug|x86.ActiveCfg = Debug|Win32
		{8E809E09-D93A-34A4-89DD-2A962DD66F4B}.Debug|x86.Build.0 = Debug|Win32
		{8E809E09-D93A-34A4-89DD-2A962DD66F4B}.Release|x64.ActiveCfg = Release|x64
		{8E809E09-D93A-34A4-89DD-2A962DD66F4B}.Release|x64.Build.0 = Release|x64
		{8E809E09-D93A-34A4-89DD-2A962DD66F4B}.Release|x86.ActiveCfg = Release|Win32
		{8E809E09-D93A-34A4-89DD-2A962DD66F4B}.Release|x86.Build.0 = Release|Win32
		{6D369816-6500-3B97-9A71-2F456B881693}.Debug|x64.ActiveCfg = Debug|x64
		{6D369816-6500-3B97-9A71-2F456B881693}.Debug|x64.Build.0 = Debug|x64
		{6D369816-6500-3B97-9A71-2F456B881693}.Debug|x86.ActiveCfg = Debug|Win32
		{6D369816-6500-3B97-9A71-2F456B881693}.Debug|x86.Build.0 = Debug|Win32
		{6D369816-6500-3B97-9A71-2F456B881693}.Release|x64.ActiveCfg = Release|x64
		{6D369816-6500-3B97-9A71-2F456B881693}.Release|x64.Build.0 = Release|x64
		{6D369816-6500-3B97-9A71-2F456B881693}.Release|x86.ActiveCfg = Release|Win32
		{6D369816-6500-3B97-9A71-2F456B881693}.Release|x86.Build.0 = Release|Win32
		{D27AE347-08BC-4938-B473-6365CAB8E3C2}.Debug|x64.ActiveCfg = Debug|x64
		{D27AE347-08BC-4938-B473-6365CAB8E3C2}.Debug|x64.Build.0 = Debug|x64
		{D27AE347-08BC-4938-B473-6365CAB8E3C2}.Debug|x86.ActiveCfg = Debug|Win32
		{D27AE347-08BC-4938-B473-6365CAB8E3C2}.Debug|x86.Build.0 = Debug|Win32
		{D27AE347-08BC-4938-B473-6365CAB8E3C2}.Release|x64.ActiveCfg = Release|x64
		{D27AE347-08BC-4938-B473-6365CAB8E3C2}.Release|x64.Build.0 = Release|x64
		{D27AE347-08BC-4938-B473-6365CAB8E3C2}.Release|x86.ActiveCfg = Release|Win32
		{D27AE347-08BC-4938-B473-6365CAB8E3C2}.Release|x86.Build.0 = Release|Win32
		{01BEE73E-6F42-4714-9CE6-D968CE1F49D6}.Debug|x64.ActiveCfg = Debug|x64
		{01BEE73E-6F42-4714-9CE6-D968CE1F49D6}.Debug|x64.Build.0 = Debug|x64
		{01BEE73E-6F42-4714-9CE6-D968CE1F49D6}.Debug|x86.ActiveCfg = Debug|Win32
		{01BEE73E-6F42-4714-9CE6-D968CE1F49D6}.Debug|x86.Build.0 = Debug|Win32
		{01BEE73E-6F42-4714-9CE6-D968CE1F49D6}.Release|x64.ActiveCfg = Release|x64
		{01BEE73E-6F42-4714-9CE6-D968CE1F49D6}.Release|x64.Build.0 = Release|x64
		{01BEE73E-6F42-4714-9CE6-D968CE1F49D6}.Release|x86.ActiveCfg = Release|Win32
		{01BEE73E-6F42-4714-9CE6-D968CE1F49D6}.Release|x86.Build.0 = Release|Win32
		{B1C6E4EE-CFAF-452B-A6DC-70CC90415519}.Debug|x64.ActiveCfg = Debug|x64
		{B1C6E4EE-CFAF-452B-A6DC-70CC90415519}.Debug|x64.Build.0 = Debug|x64
		{B1C6E4EE-CFAF-452B-A6DC-70CC90415519}.Debug|x86.ActiveCfg = Debug|Win32
		{B1C6E4EE-CFAF-452B-A6DC-70CC90415519}.Debug|x86.Build.0 = Debug|Win32
		{B1C6E4EE-CFAF-452B-A6DC-70CC90415519}.Release|x64.ActiveCfg = Release|x64
		{B1C6E4EE-CFAF-452B-A6DC-70CC90415519}.Release|x64.Build.0 = Release|x64
		{B1C6E4EE-CFAF-452B-A6DC-70CC90415519}.Release|x86.ActiveCfg = Release|Win32
		{B1C6E4EE-CFAF-452B-A6DC-70CC90415519}.Release|x86.Build.0 = Release|Win32
	EndGlobalSection
	GlobalSection(SolutionProperties) = preSolution
		HideSolutionNode = FALSE
	EndGlobalSection
EndGlobal
